
Microsoft Visual Studio Solution File, Format Version 12.00
# Visual Studio Version 17
VisualStudioVersion = 17.7.34202.233
MinimumVisualStudioVersion = 10.0.40219.1
Project("{FAE04EC0-301F-11D3-BF4B-00C04F79EFBC}") = "Poker", "Poker\Poker.csproj", "{7ABB6652-C757-4E48-92FA-EC09CB317D76}"
EndProject
Global
	GlobalSection(SolutionConfigurationPlatforms) = preSolution
		Debug|Any CPU = Debug|Any CPU
		Release|Any CPU = Release|Any CPU
	EndGlobalSection
	GlobalSection(ProjectConfigurationPlatforms) = postSolution
		{7ABB6652-C757-4E48-92FA-EC09CB317D76}.Debug|Any CPU.ActiveCfg = Debug|Any CPU
		{7ABB6652-C757-4E48-92FA-EC09CB317D76}.Debug|Any CPU.Build.0 = Debug|Any CPU
		{7ABB6652-C757-4E48-92FA-EC09CB317D76}.Release|Any CPU.ActiveCfg = Release|Any CPU
		{7ABB6652-C757-4E48-92FA-EC09CB317D76}.Release|Any CPU.Build.0 = Release|Any CPU
	EndGlobalSection
	GlobalSection(SolutionProperties) = preSolution
		HideSolutionNode = FALSE
	EndGlobalSection
	GlobalSection(ExtensibilityGlobals) = postSolution
		SolutionGuid = {055A95C2-AEED-4519-97DE-A8B0BC0D4CE7}
	EndGlobalSection
EndGlobal
